// !$*UTF8*$!
{
	archiveVersion = 1;
	classes = {
	};
	objectVersion = 77;
	objects = {

/* Begin PBXBuildFile section */
		461DA1922E69A052001595A2 /* FirebaseAI in Frameworks */ = {isa = PBXBuildFile; productRef = 461DA1912E69A052001595A2 /* FirebaseAI */; };
		461DA1942E69A052001595A2 /* FirebaseAnalytics in Frameworks */ = {isa = PBXBuildFile; productRef = 461DA1932E69A052001595A2 /* FirebaseAnalytics */; };
		461DA1962E69A052001595A2 /* FirebaseAnalyticsCore in Frameworks */ = {isa = PBXBuildFile; productRef = 461DA1952E69A052001595A2 /* FirebaseAnalyticsCore */; };
		461DA1982E69A052001595A2 /* FirebaseAnalyticsIdentitySupport in Frameworks */ = {isa = PBXBuildFile; productRef = 461DA1972E69A052001595A2 /* FirebaseAnalyticsIdentitySupport */; };
		461DA19A2E69A052001595A2 /* FirebaseAppCheck in Frameworks */ = {isa = PBXBuildFile; productRef = 461DA1992E69A052001595A2 /* FirebaseAppCheck */; };
		461DA19C2E69A052001595A2 /* FirebaseAppDistribution-Beta in Frameworks */ = {isa = PBXBuildFile; productRef = 461DA19B2E69A052001595A2 /* FirebaseAppDistribution-Beta */; };
		461DA19E2E69A052001595A2 /* FirebaseAuth in Frameworks */ = {isa = PBXBuildFile; productRef = 461DA19D2E69A052001595A2 /* FirebaseAuth */; };
		461DA1A02E69A052001595A2 /* FirebaseAuthCombine-Community in Frameworks */ = {isa = PBXBuildFile; productRef = 461DA19F2E69A052001595A2 /* FirebaseAuthCombine-Community */; };
		461DA1A22E69A052001595A2 /* FirebaseCore in Frameworks */ = {isa = PBXBuildFile; productRef = 461DA1A12E69A052001595A2 /* FirebaseCore */; };
		461DA1A42E69A052001595A2 /* FirebaseCrashlytics in Frameworks */ = {isa = PBXBuildFile; productRef = 461DA1A32E69A052001595A2 /* FirebaseCrashlytics */; };
		461DA1A62E69A052001595A2 /* FirebaseDatabase in Frameworks */ = {isa = PBXBuildFile; productRef = 461DA1A52E69A052001595A2 /* FirebaseDatabase */; };
		461DA1A82E69A052001595A2 /* FirebaseFirestore in Frameworks */ = {isa = PBXBuildFile; productRef = 461DA1A72E69A052001595A2 /* FirebaseFirestore */; };
		461DA1AA2E69A052001595A2 /* FirebaseFirestoreCombine-Community in Frameworks */ = {isa = PBXBuildFile; productRef = 461DA1A92E69A052001595A2 /* FirebaseFirestoreCombine-Community */; };
		461DA1AC2E69A052001595A2 /* FirebaseFunctions in Frameworks */ = {isa = PBXBuildFile; productRef = 461DA1AB2E69A052001595A2 /* FirebaseFunctions */; };
		461DA1AE2E69A052001595A2 /* FirebaseFunctionsCombine-Community in Frameworks */ = {isa = PBXBuildFile; productRef = 461DA1AD2E69A052001595A2 /* FirebaseFunctionsCombine-Community */; };
		461DA1B02E69A052001595A2 /* FirebaseInAppMessaging-Beta in Frameworks */ = {isa = PBXBuildFile; productRef = 461DA1AF2E69A052001595A2 /* FirebaseInAppMessaging-Beta */; };
		461DA1B22E69A052001595A2 /* FirebaseInstallations in Frameworks */ = {isa = PBXBuildFile; productRef = 461DA1B12E69A052001595A2 /* FirebaseInstallations */; };
		461DA1B42E69A052001595A2 /* FirebaseMLModelDownloader in Frameworks */ = {isa = PBXBuildFile; productRef = 461DA1B32E69A052001595A2 /* FirebaseMLModelDownloader */; };
		461DA1B62E69A052001595A2 /* FirebaseMessaging in Frameworks */ = {isa = PBXBuildFile; productRef = 461DA1B52E69A052001595A2 /* FirebaseMessaging */; };
		461DA1B82E69A052001595A2 /* FirebasePerformance in Frameworks */ = {isa = PBXBuildFile; productRef = 461DA1B72E69A052001595A2 /* FirebasePerformance */; };
		461DA1BA2E69A052001595A2 /* FirebaseRemoteConfig in Frameworks */ = {isa = PBXBuildFile; productRef = 461DA1B92E69A052001595A2 /* FirebaseRemoteConfig */; };
		461DA1BC2E69A052001595A2 /* FirebaseStorage in Frameworks */ = {isa = PBXBuildFile; productRef = 461DA1BB2E69A052001595A2 /* FirebaseStorage */; };
		461DA1BE2E69A052001595A2 /* FirebaseStorageCombine-Community in Frameworks */ = {isa = PBXBuildFile; productRef = 461DA1BD2E69A052001595A2 /* FirebaseStorageCombine-Community */; };
		461DA2072E69AD9D001595A2 /* OpenAISwift in Frameworks */ = {isa = PBXBuildFile; productRef = 461DA2062E69AD9D001595A2 /* OpenAISwift */; };
		461DA20C2E6A06A4001595A2 /* OpenAIKit in Frameworks */ = {isa = PBXBuildFile; productRef = 461DA20B2E6A06A4001595A2 /* OpenAIKit */; };
/* End PBXBuildFile section */

/* Begin PBXFileReference section */
		461DA1822E699FB9001595A2 /* lernAppFinal1.1.app */ = {isa = PBXFileReference; explicitFileType = wrapper.application; includeInIndex = 0; path = lernAppFinal1.1.app; sourceTree = BUILT_PRODUCTS_DIR; };
/* End PBXFileReference section */

/* Begin PBXFileSystemSynchronizedRootGroup section */
		461DA1842E699FB9001595A2 /* lernAppFinal1.1 */ = {
			isa = PBXFileSystemSynchronizedRootGroup;
			path = lernAppFinal1.1;
			sourceTree = "<group>";
		};
/* End PBXFileSystemSynchronizedRootGroup section */

/* Begin PBXFrameworksBuildPhase section */
		461DA17F2E699FB9001595A2 /* Frameworks */ = {
			isa = PBXFrameworksBuildPhase;
			buildActionMask = 2147483647;
			files = (
				461DA1AA2E69A052001595A2 /* FirebaseFirestoreCombine-Community in Frameworks */,
				461DA1AC2E69A052001595A2 /* FirebaseFunctions in Frameworks */,
				461DA1B82E69A052001595A2 /* FirebasePerformance in Frameworks */,
				461DA1BE2E69A052001595A2 /* FirebaseStorageCombine-Community in Frameworks */,
				461DA2072E69AD9D001595A2 /* OpenAISwift in Frameworks */,
				461DA1BA2E69A052001595A2 /* FirebaseRemoteConfig in Frameworks */,
				461DA1982E69A052001595A2 /* FirebaseAnalyticsIdentitySupport in Frameworks */,
				461DA1942E69A052001595A2 /* FirebaseAnalytics in Frameworks */,
				461DA1962E69A052001595A2 /* FirebaseAnalyticsCore in Frameworks */,
				461DA19A2E69A052001595A2 /* FirebaseAppCheck in Frameworks */,
				461DA1922E69A052001595A2 /* FirebaseAI in Frameworks */,
				461DA1A82E69A052001595A2 /* FirebaseFirestore in Frameworks */,
				461DA20C2E6A06A4001595A2 /* OpenAIKit in Frameworks */,
				461DA1B62E69A052001595A2 /* FirebaseMessaging in Frameworks */,
				461DA1B22E69A052001595A2 /* FirebaseInstallations in Frameworks */,
				461DA1AE2E69A052001595A2 /* FirebaseFunctionsCombine-Community in Frameworks */,
				461DA19E2E69A052001595A2 /* FirebaseAuth in Frameworks */,
				461DA19C2E69A052001595A2 /* FirebaseAppDistribution-Beta in Frameworks */,
				461DA1B02E69A052001595A2 /* FirebaseInAppMessaging-Beta in Frameworks */,
				461DA1A42E69A052001595A2 /* FirebaseCrashlytics in Frameworks */,
				461DA1A62E69A052001595A2 /* FirebaseDatabase in Frameworks */,
				461DA1B42E69A052001595A2 /* FirebaseMLModelDownloader in Frameworks */,
				461DA1BC2E69A052001595A2 /* FirebaseStorage in Frameworks */,
				461DA1A22E69A052001595A2 /* FirebaseCore in Frameworks */,
				461DA1A02E69A052001595A2 /* FirebaseAuthCombine-Community in Frameworks */,
			);
			runOnlyForDeploymentPostprocessing = 0;
		};
/* End PBXFrameworksBuildPhase section */

/* Begin PBXGroup section */
		461DA1792E699FB9001595A2 = {
			isa = PBXGroup;
			children = (
				461DA1842E699FB9001595A2 /* lernAppFinal1.1 */,
				461DA1832E699FB9001595A2 /* Products */,
			);
			sourceTree = "<group>";
		};
		461DA1832E699FB9001595A2 /* Products */ = {
			isa = PBXGroup;
			children = (
				461DA1822E699FB9001595A2 /* lernAppFinal1.1.app */,
			);
			name = Products;
			sourceTree = "<group>";
		};
/* End PBXGroup section */

/* Begin PBXNativeTarget section */
		461DA1812E699FB9001595A2 /* lernAppFinal1.1 */ = {
			isa = PBXNativeTarget;
			buildConfigurationList = 461DA18D2E699FBA001595A2 /* Build configuration list for PBXNativeTarget "lernAppFinal1.1" */;
			buildPhases = (
				461DA17E2E699FB9001595A2 /* Sources */,
				461DA17F2E699FB9001595A2 /* Frameworks */,
				461DA1802E699FB9001595A2 /* Resources */,
			);
			buildRules = (
			);
			dependencies = (
			);
			fileSystemSynchronizedGroups = (
				461DA1842E699FB9001595A2 /* lernAppFinal1.1 */,
			);
			name = lernAppFinal1.1;
			packageProductDependencies = (
				461DA1912E69A052001595A2 /* FirebaseAI */,
				461DA1932E69A052001595A2 /* FirebaseAnalytics */,
				461DA1952E69A052001595A2 /* FirebaseAnalyticsCore */,
				461DA1972E69A052001595A2 /* FirebaseAnalyticsIdentitySupport */,
				461DA1992E69A052001595A2 /* FirebaseAppCheck */,
				461DA19B2E69A052001595A2 /* FirebaseAppDistribution-Beta */,
				461DA19D2E69A052001595A2 /* FirebaseAuth */,
				461DA19F2E69A052001595A2 /* FirebaseAuthCombine-Community */,
				461DA1A12E69A052001595A2 /* FirebaseCore */,
				461DA1A32E69A052001595A2 /* FirebaseCrashlytics */,
				461DA1A52E69A052001595A2 /* FirebaseDatabase */,
				461DA1A72E69A052001595A2 /* FirebaseFirestore */,
				461DA1A92E69A052001595A2 /* FirebaseFirestoreCombine-Community */,
				461DA1AB2E69A052001595A2 /* FirebaseFunctions */,
				461DA1AD2E69A052001595A2 /* FirebaseFunctionsCombine-Community */,
				461DA1AF2E69A052001595A2 /* FirebaseInAppMessaging-Beta */,
				461DA1B12E69A052001595A2 /* FirebaseInstallations */,
				461DA1B32E69A052001595A2 /* FirebaseMLModelDownloader */,
				461DA1B52E69A052001595A2 /* FirebaseMessaging */,
				461DA1B72E69A052001595A2 /* FirebasePerformance */,
				461DA1B92E69A052001595A2 /* FirebaseRemoteConfig */,
				461DA1BB2E69A052001595A2 /* FirebaseStorage */,
				461DA1BD2E69A052001595A2 /* FirebaseStorageCombine-Community */,
				461DA2062E69AD9D001595A2 /* OpenAISwift */,
				461DA20B2E6A06A4001595A2 /* OpenAIKit */,
			);
			productName = lernAppFinal1.1;
			productReference = 461DA1822E699FB9001595A2 /* lernAppFinal1.1.app */;
			productType = "com.apple.product-type.application";
		};
/* End PBXNativeTarget section */

/* Begin PBXProject section */
		461DA17A2E699FB9001595A2 /* Project object */ = {
			isa = PBXProject;
			attributes = {
				BuildIndependentTargetsInParallel = 1;
				LastSwiftUpdateCheck = 2600;
				LastUpgradeCheck = 2600;
				TargetAttributes = {
					461DA1812E699FB9001595A2 = {
						CreatedOnToolsVersion = 26.0;
					};
				};
			};
			buildConfigurationList = 461DA17D2E699FB9001595A2 /* Build configuration list for PBXProject "lernAppFinal1.1" */;
			developmentRegion = en;
			hasScannedForEncodings = 0;
			knownRegions = (
				en,
				Base,
			);
			mainGroup = 461DA1792E699FB9001595A2;
			minimizedProjectReferenceProxies = 1;
			packageReferences = (
				461DA1902E69A052001595A2 /* XCRemoteSwiftPackageReference "firebase-ios-sdk" */,
				461DA2052E69AD9D001595A2 /* XCRemoteSwiftPackageReference "OpenAISwift" */,
				461DA20A2E6A06A4001595A2 /* XCRemoteSwiftPackageReference "openai-kit" */,
			);
			preferredProjectObjectVersion = 77;
			productRefGroup = 461DA1832E699FB9001595A2 /* Products */;
			projectDirPath = "";
			projectRoot = "";
			targets = (
				461DA1812E699FB9001595A2 /* lernAppFinal1.1 */,
			);
		};
/* End PBXProject section */

/* Begin PBXResourcesBuildPhase section */
		461DA1802E699FB9001595A2 /* Resources */ = {
			isa = PBXResourcesBuildPhase;
			buildActionMask = 2147483647;
			files = (
			);
			runOnlyForDeploymentPostprocessing = 0;
		};
/* End PBXResourcesBuildPhase section */

/* Begin PBXSourcesBuildPhase section */
		461DA17E2E699FB9001595A2 /* Sources */ = {
			isa = PBXSourcesBuildPhase;
			buildActionMask = 2147483647;
			files = (
			);
			runOnlyForDeploymentPostprocessing = 0;
		};
/* End PBXSourcesBuildPhase section */

/* Begin XCBuildConfiguration section */
		461DA18B2E699FBA001595A2 /* Debug */ = {
			isa = XCBuildConfiguration;
			buildSettings = {
				ALWAYS_SEARCH_USER_PATHS = NO;
				ASSETCATALOG_COMPILER_GENERATE_SWIFT_ASSET_SYMBOL_EXTENSIONS = YES;
				CLANG_ANALYZER_NONNULL = YES;
				CLANG_ANALYZER_NUMBER_OBJECT_CONVERSION = YES_AGGRESSIVE;
				CLANG_CXX_LANGUAGE_STANDARD = "gnu++20";
				CLANG_ENABLE_MODULES = YES;
				CLANG_ENABLE_OBJC_ARC = YES;
				CLANG_ENABLE_OBJC_WEAK = YES;
				CLANG_WARN_BLOCK_CAPTURE_AUTORELEASING = YES;
				CLANG_WARN_BOOL_CONVERSION = YES;
				CLANG_WARN_COMMA = YES;
				CLANG_WARN_CONSTANT_CONVERSION = YES;
				CLANG_WARN_DEPRECATED_OBJC_IMPLEMENTATIONS = YES;
				CLANG_WARN_DIRECT_OBJC_ISA_USAGE = YES_ERROR;
				CLANG_WARN_DOCUMENTATION_COMMENTS = YES;
				CLANG_WARN_EMPTY_BODY = YES;
				CLANG_WARN_ENUM_CONVERSION = YES;
				CLANG_WARN_INFINITE_RECURSION = YES;
				CLANG_WARN_INT_CONVERSION = YES;
				CLANG_WARN_NON_LITERAL_NULL_CONVERSION = YES;
				CLANG_WARN_OBJC_IMPLICIT_RETAIN_SELF = YES;
				CLANG_WARN_OBJC_LITERAL_CONVERSION = YES;
				CLANG_WARN_OBJC_ROOT_CLASS = YES_ERROR;
				CLANG_WARN_QUOTED_INCLUDE_IN_FRAMEWORK_HEADER = YES;
				CLANG_WARN_RANGE_LOOP_ANALYSIS = YES;
				CLANG_WARN_STRICT_PROTOTYPES = YES;
				CLANG_WARN_SUSPICIOUS_MOVE = YES;
				CLANG_WARN_UNGUARDED_AVAILABILITY = YES_AGGRESSIVE;
				CLANG_WARN_UNREACHABLE_CODE = YES;
				CLANG_WARN__DUPLICATE_METHOD_MATCH = YES;
				COPY_PHASE_STRIP = NO;
				DEBUG_INFORMATION_FORMAT = dwarf;
				DEVELOPMENT_TEAM = RZ9T552G97;
				ENABLE_STRICT_OBJC_MSGSEND = YES;
				ENABLE_TESTABILITY = YES;
				ENABLE_USER_SCRIPT_SANDBOXING = YES;
				GCC_C_LANGUAGE_STANDARD = gnu17;
				GCC_DYNAMIC_NO_PIC = NO;
				GCC_NO_COMMON_BLOCKS = YES;
				GCC_OPTIMIZATION_LEVEL = 0;
				GCC_PREPROCESSOR_DEFINITIONS = (
					"DEBUG=1",
					"$(inherited)",
				);
				GCC_WARN_64_TO_32_BIT_CONVERSION = YES;
				GCC_WARN_ABOUT_RETURN_TYPE = YES_ERROR;
				GCC_WARN_UNDECLARED_SELECTOR = YES;
				GCC_WARN_UNINITIALIZED_AUTOS = YES_AGGRESSIVE;
				GCC_WARN_UNUSED_FUNCTION = YES;
				GCC_WARN_UNUSED_VARIABLE = YES;
				LOCALIZATION_PREFERS_STRING_CATALOGS = YES;
				MTL_ENABLE_DEBUG_INFO = INCLUDE_SOURCE;
				MTL_FAST_MATH = YES;
				ONLY_ACTIVE_ARCH = YES;
				SWIFT_ACTIVE_COMPILATION_CONDITIONS = "DEBUG $(inherited)";
				SWIFT_OPTIMIZATION_LEVEL = "-Onone";
			};
			name = Debug;
		};
		461DA18C2E699FBA001595A2 /* Release */ = {
			isa = XCBuildConfiguration;
			buildSettings = {
				ALWAYS_SEARCH_USER_PATHS = NO;
				ASSETCATALOG_COMPILER_GENERATE_SWIFT_ASSET_SYMBOL_EXTENSIONS = YES;
				CLANG_ANALYZER_NONNULL = YES;
				CLANG_ANALYZER_NUMBER_OBJECT_CONVERSION = YES_AGGRESSIVE;
				CLANG_CXX_LANGUAGE_STANDARD = "gnu++20";
				CLANG_ENABLE_MODULES = YES;
				CLANG_ENABLE_OBJC_ARC = YES;
				CLANG_ENABLE_OBJC_WEAK = YES;
				CLANG_WARN_BLOCK_CAPTURE_AUTORELEASING = YES;
				CLANG_WARN_BOOL_CONVERSION = YES;
				CLANG_WARN_COMMA = YES;
				CLANG_WARN_CONSTANT_CONVERSION = YES;
				CLANG_WARN_DEPRECATED_OBJC_IMPLEMENTATIONS = YES;
				CLANG_WARN_DIRECT_OBJC_ISA_USAGE = YES_ERROR;
				CLANG_WARN_DOCUMENTATION_COMMENTS = YES;
				CLANG_WARN_EMPTY_BODY = YES;
				CLANG_WARN_ENUM_CONVERSION = YES;
				CLANG_WARN_INFINITE_RECURSION = YES;
				CLANG_WARN_INT_CONVERSION = YES;
				CLANG_WARN_NON_LITERAL_NULL_CONVERSION = YES;
				CLANG_WARN_OBJC_IMPLICIT_RETAIN_SELF = YES;
				CLANG_WARN_OBJC_LITERAL_CONVERSION = YES;
				CLANG_WARN_OBJC_ROOT_CLASS = YES_ERROR;
				CLANG_WARN_QUOTED_INCLUDE_IN_FRAMEWORK_HEADER = YES;
				CLANG_WARN_RANGE_LOOP_ANALYSIS = YES;
				CLANG_WARN_STRICT_PROTOTYPES = YES;
				CLANG_WARN_SUSPICIOUS_MOVE = YES;
				CLANG_WARN_UNGUARDED_AVAILABILITY = YES_AGGRESSIVE;
				CLANG_WARN_UNREACHABLE_CODE = YES;
				CLANG_WARN__DUPLICATE_METHOD_MATCH = YES;
				COPY_PHASE_STRIP = NO;
				DEBUG_INFORMATION_FORMAT = "dwarf-with-dsym";
				DEVELOPMENT_TEAM = RZ9T552G97;
				ENABLE_NS_ASSERTIONS = NO;
				ENABLE_STRICT_OBJC_MSGSEND = YES;
				ENABLE_USER_SCRIPT_SANDBOXING = YES;
				GCC_C_LANGUAGE_STANDARD = gnu17;
				GCC_NO_COMMON_BLOCKS = YES;
				GCC_WARN_64_TO_32_BIT_CONVERSION = YES;
				GCC_WARN_ABOUT_RETURN_TYPE = YES_ERROR;
				GCC_WARN_UNDECLARED_SELECTOR = YES;
				GCC_WARN_UNINITIALIZED_AUTOS = YES_AGGRESSIVE;
				GCC_WARN_UNUSED_FUNCTION = YES;
				GCC_WARN_UNUSED_VARIABLE = YES;
				LOCALIZATION_PREFERS_STRING_CATALOGS = YES;
				MTL_ENABLE_DEBUG_INFO = NO;
				MTL_FAST_MATH = YES;
				SWIFT_COMPILATION_MODE = wholemodule;
			};
			name = Release;
		};
		461DA18E2E699FBA001595A2 /* Debug */ = {
			isa = XCBuildConfiguration;
			buildSettings = {
				ASSETCATALOG_COMPILER_APPICON_NAME = AppIcon;
				ASSETCATALOG_COMPILER_GLOBAL_ACCENT_COLOR_NAME = AccentColor;
				CODE_SIGN_STYLE = Automatic;
				CURRENT_PROJECT_VERSION = 1;
				DEVELOPMENT_TEAM = RZ9T552G97;
				ENABLE_APP_SANDBOX = YES;
				ENABLE_HARDENED_RUNTIME = YES;
				ENABLE_PREVIEWS = YES;
				ENABLE_USER_SELECTED_FILES = readonly;
				GENERATE_INFOPLIST_FILE = YES;
				INFOPLIST_KEY_NSMicrophoneUsageDescription = "We need access to your microphone to record audio.";
				INFOPLIST_KEY_NSPhotoLibraryUsageDescription = "Wir benötigen Zugriff auf die Fotobibliothek, um Bilder zu importieren.";
				"INFOPLIST_KEY_UIApplicationSceneManifest_Generation[sdk=iphoneos*]" = YES;
				"INFOPLIST_KEY_UIApplicationSceneManifest_Generation[sdk=iphonesimulator*]" = YES;
				"INFOPLIST_KEY_UIApplicationSupportsIndirectInputEvents[sdk=iphoneos*]" = YES;
				"INFOPLIST_KEY_UIApplicationSupportsIndirectInputEvents[sdk=iphonesimulator*]" = YES;
				"INFOPLIST_KEY_UILaunchScreen_Generation[sdk=iphoneos*]" = YES;
				"INFOPLIST_KEY_UILaunchScreen_Generation[sdk=iphonesimulator*]" = YES;
				"INFOPLIST_KEY_UIStatusBarStyle[sdk=iphoneos*]" = UIStatusBarStyleDefault;
				"INFOPLIST_KEY_UIStatusBarStyle[sdk=iphonesimulator*]" = UIStatusBarStyleDefault;
				INFOPLIST_KEY_UISupportedInterfaceOrientations_iPad = "UIInterfaceOrientationPortrait UIInterfaceOrientationPortraitUpsideDown UIInterfaceOrientationLandscapeLeft UIInterfaceOrientationLandscapeRight";
				INFOPLIST_KEY_UISupportedInterfaceOrientations_iPhone = "UIInterfaceOrientationPortrait UIInterfaceOrientationLandscapeLeft UIInterfaceOrientationLandscapeRight";
				IPHONEOS_DEPLOYMENT_TARGET = 26.0;
				LD_RUNPATH_SEARCH_PATHS = "@executable_path/Frameworks";
				"LD_RUNPATH_SEARCH_PATHS[sdk=macosx*]" = "@executable_path/../Frameworks";
				MACOSX_DEPLOYMENT_TARGET = 26.0;
				MARKETING_VERSION = 1.0;
				PRODUCT_BUNDLE_IDENTIFIER = "MichaelWeichenberger.lernAppFinal1-1";
				PRODUCT_NAME = "$(TARGET_NAME)";
				REGISTER_APP_GROUPS = YES;
				SDKROOT = auto;
				STRING_CATALOG_GENERATE_SYMBOLS = YES;
				SUPPORTED_PLATFORMS = "iphoneos iphonesimulator macosx xros xrsimulator";
				SWIFT_APPROACHABLE_CONCURRENCY = YES;
				SWIFT_DEFAULT_ACTOR_ISOLATION = MainActor;
				SWIFT_EMIT_LOC_STRINGS = YES;
				SWIFT_UPCOMING_FEATURE_MEMBER_IMPORT_VISIBILITY = YES;
				SWIFT_VERSION = 5.0;
				TARGETED_DEVICE_FAMILY = "1,2,7";
				XROS_DEPLOYMENT_TARGET = 26.0;
			};
			name = Debug;
		};
		461DA18F2E699FBA001595A2 /* Release */ = {
			isa = XCBuildConfiguration;
			buildSettings = {
				ASSETCATALOG_COMPILER_APPICON_NAME = AppIcon;
				ASSETCATALOG_COMPILER_GLOBAL_ACCENT_COLOR_NAME = AccentColor;
				CODE_SIGN_STYLE = Automatic;
				CURRENT_PROJECT_VERSION = 1;
				DEVELOPMENT_TEAM = RZ9T552G97;
				ENABLE_APP_SANDBOX = YES;
				ENABLE_HARDENED_RUNTIME = YES;
				ENABLE_PREVIEWS = YES;
				ENABLE_USER_SELECTED_FILES = readonly;
				GENERATE_INFOPLIST_FILE = YES;
				INFOPLIST_KEY_NSMicrophoneUsageDescription = "We need access to your microphone to record audio.";
				INFOPLIST_KEY_NSPhotoLibraryUsageDescription = "Wir benötigen Zugriff auf die Fotobibliothek, um Bilder zu importieren.";
				"INFOPLIST_KEY_UIApplicationSceneManifest_Generation[sdk=iphoneos*]" = YES;
				"INFOPLIST_KEY_UIApplicationSceneManifest_Generation[sdk=iphonesimulator*]" = YES;
				"INFOPLIST_KEY_UIApplicationSupportsIndirectInputEvents[sdk=iphoneos*]" = YES;
				"INFOPLIST_KEY_UIApplicationSupportsIndirectInputEvents[sdk=iphonesimulator*]" = YES;
				"INFOPLIST_KEY_UILaunchScreen_Generation[sdk=iphoneos*]" = YES;
				"INFOPLIST_KEY_UILaunchScreen_Generation[sdk=iphonesimulator*]" = YES;
				"INFOPLIST_KEY_UIStatusBarStyle[sdk=iphoneos*]" = UIStatusBarStyleDefault;
				"INFOPLIST_KEY_UIStatusBarStyle[sdk=iphonesimulator*]" = UIStatusBarStyleDefault;
				INFOPLIST_KEY_UISupportedInterfaceOrientations_iPad = "UIInterfaceOrientationPortrait UIInterfaceOrientationPortraitUpsideDown UIInterfaceOrientationLandscapeLeft UIInterfaceOrientationLandscapeRight";
				INFOPLIST_KEY_UISupportedInterfaceOrientations_iPhone = "UIInterfaceOrientationPortrait UIInterfaceOrientationLandscapeLeft UIInterfaceOrientationLandscapeRight";
				IPHONEOS_DEPLOYMENT_TARGET = 26.0;
				LD_RUNPATH_SEARCH_PATHS = "@executable_path/Frameworks";
				"LD_RUNPATH_SEARCH_PATHS[sdk=macosx*]" = "@executable_path/../Frameworks";
				MACOSX_DEPLOYMENT_TARGET = 26.0;
				MARKETING_VERSION = 1.0;
				PRODUCT_BUNDLE_IDENTIFIER = "MichaelWeichenberger.lernAppFinal1-1";
				PRODUCT_NAME = "$(TARGET_NAME)";
				REGISTER_APP_GROUPS = YES;
				SDKROOT = auto;
				STRING_CATALOG_GENERATE_SYMBOLS = YES;
				SUPPORTED_PLATFORMS = "iphoneos iphonesimulator macosx xros xrsimulator";
				SWIFT_APPROACHABLE_CONCURRENCY = YES;
				SWIFT_DEFAULT_ACTOR_ISOLATION = MainActor;
				SWIFT_EMIT_LOC_STRINGS = YES;
				SWIFT_UPCOMING_FEATURE_MEMBER_IMPORT_VISIBILITY = YES;
				SWIFT_VERSION = 5.0;
				TARGETED_DEVICE_FAMILY = "1,2,7";
				XROS_DEPLOYMENT_TARGET = 26.0;
			};
			name = Release;
		};
/* End XCBuildConfiguration section */

/* Begin XCConfigurationList section */
		461DA17D2E699FB9001595A2 /* Build configuration list for PBXProject "lernAppFinal1.1" */ = {
			isa = XCConfigurationList;
			buildConfigurations = (
				461DA18B2E699FBA001595A2 /* Debug */,
				461DA18C2E699FBA001595A2 /* Release */,
			);
			defaultConfigurationIsVisible = 0;
			defaultConfigurationName = Release;
		};
		461DA18D2E699FBA001595A2 /* Build configuration list for PBXNativeTarget "lernAppFinal1.1" */ = {
			isa = XCConfigurationList;
			buildConfigurations = (
				461DA18E2E699FBA001595A2 /* Debug */,
				461DA18F2E699FBA001595A2 /* Release */,
			);
			defaultConfigurationIsVisible = 0;
			defaultConfigurationName = Release;
		};
/* End XCConfigurationList section */

/* Begin XCRemoteSwiftPackageReference section */
		461DA1902E69A052001595A2 /* XCRemoteSwiftPackageReference "firebase-ios-sdk" */ = {
			isa = XCRemoteSwiftPackageReference;
			repositoryURL = "https://github.com/firebase/firebase-ios-sdk";
			requirement = {
				kind = upToNextMajorVersion;
				minimumVersion = 12.2.0;
			};
		};
		461DA2052E69AD9D001595A2 /* XCRemoteSwiftPackageReference "OpenAISwift" */ = {
			isa = XCRemoteSwiftPackageReference;
			repositoryURL = "https://github.com/adamrushy/OpenAISwift";
			requirement = {
				kind = upToNextMajorVersion;
				minimumVersion = 1.4.1;
			};
		};
		461DA20A2E6A06A4001595A2 /* XCRemoteSwiftPackageReference "openai-kit" */ = {
			isa = XCRemoteSwiftPackageReference;
			repositoryURL = "https://github.com/dylanshine/openai-kit.git";
			requirement = {
				kind = upToNextMajorVersion;
				minimumVersion = 1.8.2;
			};
		};
/* End XCRemoteSwiftPackageReference section */

/* Begin XCSwiftPackageProductDependency section */
		461DA1912E69A052001595A2 /* FirebaseAI */ = {
			isa = XCSwiftPackageProductDependency;
			package = 461DA1902E69A052001595A2 /* XCRemoteSwiftPackageReference "firebase-ios-sdk" */;
			productName = FirebaseAI;
		};
		461DA1932E69A052001595A2 /* FirebaseAnalytics */ = {
			isa = XCSwiftPackageProductDependency;
			package = 461DA1902E69A052001595A2 /* XCRemoteSwiftPackageReference "firebase-ios-sdk" */;
			productName = FirebaseAnalytics;
		};
		461DA1952E69A052001595A2 /* FirebaseAnalyticsCore */ = {
			isa = XCSwiftPackageProductDependency;
			package = 461DA1902E69A052001595A2 /* XCRemoteSwiftPackageReference "firebase-ios-sdk" */;
			productName = FirebaseAnalyticsCore;
		};
		461DA1972E69A052001595A2 /* FirebaseAnalyticsIdentitySupport */ = {
			isa = XCSwiftPackageProductDependency;
			package = 461DA1902E69A052001595A2 /* XCRemoteSwiftPackageReference "firebase-ios-sdk" */;
			productName = FirebaseAnalyticsIdentitySupport;
		};
		461DA1992E69A052001595A2 /* FirebaseAppCheck */ = {
			isa = XCSwiftPackageProductDependency;
			package = 461DA1902E69A052001595A2 /* XCRemoteSwiftPackageReference "firebase-ios-sdk" */;
			productName = FirebaseAppCheck;
		};
		461DA19B2E69A052001595A2 /* FirebaseAppDistribution-Beta */ = {
			isa = XCSwiftPackageProductDependency;
			package = 461DA1902E69A052001595A2 /* XCRemoteSwiftPackageReference "firebase-ios-sdk" */;
			productName = "FirebaseAppDistribution-Beta";
		};
		461DA19D2E69A052001595A2 /* FirebaseAuth */ = {
			isa = XCSwiftPackageProductDependency;
			package = 461DA1902E69A052001595A2 /* XCRemoteSwiftPackageReference "firebase-ios-sdk" */;
			productName = FirebaseAuth;
		};
		461DA19F2E69A052001595A2 /* FirebaseAuthCombine-Community */ = {
			isa = XCSwiftPackageProductDependency;
			package = 461DA1902E69A052001595A2 /* XCRemoteSwiftPackageReference "firebase-ios-sdk" */;
			productName = "FirebaseAuthCombine-Community";
		};
		461DA1A12E69A052001595A2 /* FirebaseCore */ = {
			isa = XCSwiftPackageProductDependency;
			package = 461DA1902E69A052001595A2 /* XCRemoteSwiftPackageReference "firebase-ios-sdk" */;
			productName = FirebaseCore;
		};
		461DA1A32E69A052001595A2 /* FirebaseCrashlytics */ = {
			isa = XCSwiftPackageProductDependency;
			package = 461DA1902E69A052001595A2 /* XCRemoteSwiftPackageReference "firebase-ios-sdk" */;
			productName = FirebaseCrashlytics;
		};
		461DA1A52E69A052001595A2 /* FirebaseDatabase */ = {
			isa = XCSwiftPackageProductDependency;
			package = 461DA1902E69A052001595A2 /* XCRemoteSwiftPackageReference "firebase-ios-sdk" */;
			productName = FirebaseDatabase;
		};
		461DA1A72E69A052001595A2 /* FirebaseFirestore */ = {
			isa = XCSwiftPackageProductDependency;
			package = 461DA1902E69A052001595A2 /* XCRemoteSwiftPackageReference "firebase-ios-sdk" */;
			productName = FirebaseFirestore;
		};
		461DA1A92E69A052001595A2 /* FirebaseFirestoreCombine-Community */ = {
			isa = XCSwiftPackageProductDependency;
			package = 461DA1902E69A052001595A2 /* XCRemoteSwiftPackageReference "firebase-ios-sdk" */;
			productName = "FirebaseFirestoreCombine-Community";
		};
		461DA1AB2E69A052001595A2 /* FirebaseFunctions */ = {
			isa = XCSwiftPackageProductDependency;
			package = 461DA1902E69A052001595A2 /* XCRemoteSwiftPackageReference "firebase-ios-sdk" */;
			productName = FirebaseFunctions;
		};
		461DA1AD2E69A052001595A2 /* FirebaseFunctionsCombine-Community */ = {
			isa = XCSwiftPackageProductDependency;
			package = 461DA1902E69A052001595A2 /* XCRemoteSwiftPackageReference "firebase-ios-sdk" */;
			productName = "FirebaseFunctionsCombine-Community";
		};
		461DA1AF2E69A052001595A2 /* FirebaseInAppMessaging-Beta */ = {
			isa = XCSwiftPackageProductDependency;
			package = 461DA1902E69A052001595A2 /* XCRemoteSwiftPackageReference "firebase-ios-sdk" */;
			productName = "FirebaseInAppMessaging-Beta";
		};
		461DA1B12E69A052001595A2 /* FirebaseInstallations */ = {
			isa = XCSwiftPackageProductDependency;
			package = 461DA1902E69A052001595A2 /* XCRemoteSwiftPackageReference "firebase-ios-sdk" */;
			productName = FirebaseInstallations;
		};
		461DA1B32E69A052001595A2 /* FirebaseMLModelDownloader */ = {
			isa = XCSwiftPackageProductDependency;
			package = 461DA1902E69A052001595A2 /* XCRemoteSwiftPackageReference "firebase-ios-sdk" */;
			productName = FirebaseMLModelDownloader;
		};
		461DA1B52E69A052001595A2 /* FirebaseMessaging */ = {
			isa = XCSwiftPackageProductDependency;
			package = 461DA1902E69A052001595A2 /* XCRemoteSwiftPackageReference "firebase-ios-sdk" */;
			productName = FirebaseMessaging;
		};
		461DA1B72E69A052001595A2 /* FirebasePerformance */ = {
			isa = XCSwiftPackageProductDependency;
			package = 461DA1902E69A052001595A2 /* XCRemoteSwiftPackageReference "firebase-ios-sdk" */;
			productName = FirebasePerformance;
		};
		461DA1B92E69A052001595A2 /* FirebaseRemoteConfig */ = {
			isa = XCSwiftPackageProductDependency;
			package = 461DA1902E69A052001595A2 /* XCRemoteSwiftPackageReference "firebase-ios-sdk" */;
			productName = FirebaseRemoteConfig;
		};
		461DA1BB2E69A052001595A2 /* FirebaseStorage */ = {
			isa = XCSwiftPackageProductDependency;
			package = 461DA1902E69A052001595A2 /* XCRemoteSwiftPackageReference "firebase-ios-sdk" */;
			productName = FirebaseStorage;
		};
		461DA1BD2E69A052001595A2 /* FirebaseStorageCombine-Community */ = {
			isa = XCSwiftPackageProductDependency;
			package = 461DA1902E69A052001595A2 /* XCRemoteSwiftPackageReference "firebase-ios-sdk" */;
			productName = "FirebaseStorageCombine-Community";
		};
		461DA2062E69AD9D001595A2 /* OpenAISwift */ = {
			isa = XCSwiftPackageProductDependency;
			package = 461DA2052E69AD9D001595A2 /* XCRemoteSwiftPackageReference "OpenAISwift" */;
			productName = OpenAISwift;
		};
		461DA20B2E6A06A4001595A2 /* OpenAIKit */ = {
			isa = XCSwiftPackageProductDependency;
			package = 461DA20A2E6A06A4001595A2 /* XCRemoteSwiftPackageReference "openai-kit" */;
			productName = OpenAIKit;
		};
/* End XCSwiftPackageProductDependency section */
	};
	rootObject = 461DA17A2E699FB9001595A2 /* Project object */;
}
